{
  "nodes": {
    "nixpkgs": {
      "locked": {
        "owner": "nixos",
        "repo": "nixpkgs",
        "rev": "c6700eedca5516deb0cbd1af46beaa39a0bf41e4",
        "type": "github"
      },
      "original": {
        "owner": "nixos",
        "ref": "nixos-unstable",
        "repo": "nixpkgs",
        "type": "github"
      }
    },
    "root": {
      "inputs": {
        "nixpkgs": "nixpkgs"
      }
    }
  },
  "root": "root",
  "version": 7
}
